PODS:
  - MBQuiz (0.1.1):
    - Unbox
  - Unbox (2.4.0)

DEPENDENCIES:
  - MBQuiz (from `~/Documents/Libraries/MBQuiz`)

EXTERNAL SOURCES:
  MBQuiz:
    :path: ~/Documents/Libraries/MBQuiz

SPEC CHECKSUMS:
  MBQuiz: 1130aa8a757076546e9f739c59eb82b9c081bd5e
  Unbox: c8b2ab69d3337597b4a3f47a0538807dc12db670

PODFILE CHECKSUM: 633379b9ab15b9ee304ea2e30c63cc302d375891

COCOAPODS: 1.1.1
