// !$*UTF8*$!
{
	archiveVersion = 1;
	classes = {
	};
	objectVersion = 46;
	objects = {

/* Begin PBXBuildFile section */
		4948DE6CA04A956424DF3E88 /* Pods_MBQuiz.framework in Frameworks */ = {isa = PBXBuildFile; fileRef = E8D6864D982EE85D1C9973D2 /* Pods_MBQuiz.framework */; };
		ACE32C4B1040DBC0E2B65A5B /* Pods_MBQuizTests.framework in Frameworks */ = {isa = PBXBuildFile; fileRef = 8B4F485A5F2A975509C46F8C /* Pods_MBQuizTests.framework */; };
		EE458D7A1E76C2A800BEE644 /* QuizTestViewController.swift in Sources */ = {isa = PBXBuildFile; fileRef = EE458D791E76C2A800BEE644 /* QuizTestViewController.swift */; };
		EE458D7B1E76C2A800BEE644 /* QuizTestViewController.swift in Sources */ = {isa = PBXBuildFile; fileRef = EE458D791E76C2A800BEE644 /* QuizTestViewController.swift */; };
		EE458D7D1E76DFFE00BEE644 /* QuizParser.swift in Sources */ = {isa = PBXBuildFile; fileRef = EE458D7C1E76DFFE00BEE644 /* QuizParser.swift */; };
		EE458D7E1E76DFFE00BEE644 /* QuizParser.swift in Sources */ = {isa = PBXBuildFile; fileRef = EE458D7C1E76DFFE00BEE644 /* QuizParser.swift */; };
		EE7EEDB31E670FB000C472C3 /* DummyQuiz.swift in Sources */ = {isa = PBXBuildFile; fileRef = EE7EEDB21E670FB000C472C3 /* DummyQuiz.swift */; };
		EE7EEDB41E670FB000C472C3 /* DummyQuiz.swift in Sources */ = {isa = PBXBuildFile; fileRef = EE7EEDB21E670FB000C472C3 /* DummyQuiz.swift */; };
		EE7EEDB61E68367900C472C3 /* QuestionSequelType.swift in Sources */ = {isa = PBXBuildFile; fileRef = EE7EEDB51E68367900C472C3 /* QuestionSequelType.swift */; };
		EE7EEDB71E68367900C472C3 /* QuestionSequelType.swift in Sources */ = {isa = PBXBuildFile; fileRef = EE7EEDB51E68367900C472C3 /* QuestionSequelType.swift */; };
		EE7EEDB91E68479A00C472C3 /* Assets.xcassets in Resources */ = {isa = PBXBuildFile; fileRef = EE7EEDB81E68479A00C472C3 /* Assets.xcassets */; };
		EE7EEDBA1E68479A00C472C3 /* Assets.xcassets in Resources */ = {isa = PBXBuildFile; fileRef = EE7EEDB81E68479A00C472C3 /* Assets.xcassets */; };
		EE7EEDBC1E699A1200C472C3 /* QuizCollectionViewCell.swift in Sources */ = {isa = PBXBuildFile; fileRef = EE7EEDBB1E699A1200C472C3 /* QuizCollectionViewCell.swift */; };
		EE7EEDBD1E699A1200C472C3 /* QuizCollectionViewCell.swift in Sources */ = {isa = PBXBuildFile; fileRef = EE7EEDBB1E699A1200C472C3 /* QuizCollectionViewCell.swift */; };
		EE7EEDC41E6D757900C472C3 /* ResultsCollectionViewCell.swift in Sources */ = {isa = PBXBuildFile; fileRef = EE7EEDC31E6D757900C472C3 /* ResultsCollectionViewCell.swift */; };
		EE7EEDC71E70634600C472C3 /* ResultsCollectionViewCell.swift in Sources */ = {isa = PBXBuildFile; fileRef = EE7EEDC31E6D757900C472C3 /* ResultsCollectionViewCell.swift */; };
		EEBC23BC1E4353A800D59B75 /* AppDelegate.swift in Sources */ = {isa = PBXBuildFile; fileRef = EEBC23BB1E4353A800D59B75 /* AppDelegate.swift */; };
		EEBC23BE1E4353A800D59B75 /* QuizViewController.swift in Sources */ = {isa = PBXBuildFile; fileRef = EEBC23BD1E4353A800D59B75 /* QuizViewController.swift */; };
		EEBC23C11E4353A800D59B75 /* Main.storyboard in Resources */ = {isa = PBXBuildFile; fileRef = EEBC23BF1E4353A800D59B75 /* Main.storyboard */; };
		EEBC23C41E4353A800D59B75 /* MBQuiz.xcdatamodeld in Sources */ = {isa = PBXBuildFile; fileRef = EEBC23C21E4353A800D59B75 /* MBQuiz.xcdatamodeld */; };
		EEBC23C91E4353A800D59B75 /* LaunchScreen.storyboard in Resources */ = {isa = PBXBuildFile; fileRef = EEBC23C71E4353A800D59B75 /* LaunchScreen.storyboard */; };
		EEBC23D41E4353A800D59B75 /* MBQuizTests.swift in Sources */ = {isa = PBXBuildFile; fileRef = EEBC23D31E4353A800D59B75 /* MBQuizTests.swift */; };
		EEBC23DF1E43540C00D59B75 /* Quiz.swift in Sources */ = {isa = PBXBuildFile; fileRef = EEBC23DE1E43540C00D59B75 /* Quiz.swift */; };
		EEBC23E01E43540C00D59B75 /* Quiz.swift in Sources */ = {isa = PBXBuildFile; fileRef = EEBC23DE1E43540C00D59B75 /* Quiz.swift */; };
		EEBC23E31E435A4E00D59B75 /* Question.swift in Sources */ = {isa = PBXBuildFile; fileRef = EEBC23E21E435A4E00D59B75 /* Question.swift */; };
		EEBC23E41E435A4E00D59B75 /* Question.swift in Sources */ = {isa = PBXBuildFile; fileRef = EEBC23E21E435A4E00D59B75 /* Question.swift */; };
		EEBC23E61E435A6900D59B75 /* Answer.swift in Sources */ = {isa = PBXBuildFile; fileRef = EEBC23E51E435A6900D59B75 /* Answer.swift */; };
		EEBC23E71E435A6900D59B75 /* Answer.swift in Sources */ = {isa = PBXBuildFile; fileRef = EEBC23E51E435A6900D59B75 /* Answer.swift */; };
		EEBC23E91E435C7D00D59B75 /* QuestionType.swift in Sources */ = {isa = PBXBuildFile; fileRef = EEBC23E81E435C7D00D59B75 /* QuestionType.swift */; };
		EEBC23EA1E435C7D00D59B75 /* QuestionType.swift in Sources */ = {isa = PBXBuildFile; fileRef = EEBC23E81E435C7D00D59B75 /* QuestionType.swift */; };
		EEBC23EC1E44C32700D59B75 /* AnswerTableViewCell.swift in Sources */ = {isa = PBXBuildFile; fileRef = EEBC23EB1E44C32700D59B75 /* AnswerTableViewCell.swift */; };
		EEBC23ED1E44C32700D59B75 /* AnswerTableViewCell.swift in Sources */ = {isa = PBXBuildFile; fileRef = EEBC23EB1E44C32700D59B75 /* AnswerTableViewCell.swift */; };
		EEBC23EE1E44C56900D59B75 /* QuizViewController.swift in Sources */ = {isa = PBXBuildFile; fileRef = EEBC23BD1E4353A800D59B75 /* QuizViewController.swift */; };
		EEBC23F01E44C81600D59B75 /* QuestionCollectionViewCell.swift in Sources */ = {isa = PBXBuildFile; fileRef = EEBC23EF1E44C81600D59B75 /* QuestionCollectionViewCell.swift */; };
		EEBC23F11E44C81600D59B75 /* QuestionCollectionViewCell.swift in Sources */ = {isa = PBXBuildFile; fileRef = EEBC23EF1E44C81600D59B75 /* QuestionCollectionViewCell.swift */; };
		EEBC23F51E48BB1F00D59B75 /* DescriptionCollectionViewCell.swift in Sources */ = {isa = PBXBuildFile; fileRef = EEBC23F41E48BB1F00D59B75 /* DescriptionCollectionViewCell.swift */; };
		EEBC23F61E48BB1F00D59B75 /* DescriptionCollectionViewCell.swift in Sources */ = {isa = PBXBuildFile; fileRef = EEBC23F41E48BB1F00D59B75 /* DescriptionCollectionViewCell.swift */; };
/* End PBXBuildFile section */

/* Begin PBXContainerItemProxy section */
		EEBC23D01E4353A800D59B75 /* PBXContainerItemProxy */ = {
			isa = PBXContainerItemProxy;
			containerPortal = EEBC23B01E4353A800D59B75 /* Project object */;
			proxyType = 1;
			remoteGlobalIDString = EEBC23B71E4353A800D59B75;
			remoteInfo = MBQuiz;
		};
/* End PBXContainerItemProxy section */

/* Begin PBXFileReference section */
		51472B77EE40CA4F650CDC28 /* Pods-MBQuiz.release.xcconfig */ = {isa = PBXFileReference; includeInIndex = 1; lastKnownFileType = text.xcconfig; name = "Pods-MBQuiz.release.xcconfig"; path = "Pods/Target Support Files/Pods-MBQuiz/Pods-MBQuiz.release.xcconfig"; sourceTree = "<group>"; };
		8B4F485A5F2A975509C46F8C /* Pods_MBQuizTests.framework */ = {isa = PBXFileReference; explicitFileType = wrapper.framework; includeInIndex = 0; path = Pods_MBQuizTests.framework; sourceTree = BUILT_PRODUCTS_DIR; };
		BA5161F7278873FB97F3DB4D /* Pods-MBQuizTests.debug.xcconfig */ = {isa = PBXFileReference; includeInIndex = 1; lastKnownFileType = text.xcconfig; name = "Pods-MBQuizTests.debug.xcconfig"; path = "Pods/Target Support Files/Pods-MBQuizTests/Pods-MBQuizTests.debug.xcconfig"; sourceTree = "<group>"; };
		BB7DE5352589D08CBE179ADF /* Pods-MBQuizTests.release.xcconfig */ = {isa = PBXFileReference; includeInIndex = 1; lastKnownFileType = text.xcconfig; name = "Pods-MBQuizTests.release.xcconfig"; path = "Pods/Target Support Files/Pods-MBQuizTests/Pods-MBQuizTests.release.xcconfig"; sourceTree = "<group>"; };
		E8D6864D982EE85D1C9973D2 /* Pods_MBQuiz.framework */ = {isa = PBXFileReference; explicitFileType = wrapper.framework; includeInIndex = 0; path = Pods_MBQuiz.framework; sourceTree = BUILT_PRODUCTS_DIR; };
		EE458D791E76C2A800BEE644 /* QuizTestViewController.swift */ = {isa = PBXFileReference; fileEncoding = 4; lastKnownFileType = sourcecode.swift; path = QuizTestViewController.swift; sourceTree = "<group>"; };
		EE458D7C1E76DFFE00BEE644 /* QuizParser.swift */ = {isa = PBXFileReference; fileEncoding = 4; lastKnownFileType = sourcecode.swift; name = QuizParser.swift; path = Models/QuizParser.swift; sourceTree = SOURCE_ROOT; };
		EE7EEDB21E670FB000C472C3 /* DummyQuiz.swift */ = {isa = PBXFileReference; fileEncoding = 4; lastKnownFileType = sourcecode.swift; path = DummyQuiz.swift; sourceTree = "<group>"; };
		EE7EEDB51E68367900C472C3 /* QuestionSequelType.swift */ = {isa = PBXFileReference; fileEncoding = 4; lastKnownFileType = sourcecode.swift; name = QuestionSequelType.swift; path = Models/QuestionSequelType.swift; sourceTree = SOURCE_ROOT; };
		EE7EEDB81E68479A00C472C3 /* Assets.xcassets */ = {isa = PBXFileReference; lastKnownFileType = folder.assetcatalog; name = Assets.xcassets; path = ../../../.Trash/Assets.xcassets; sourceTree = "<group>"; };
		EE7EEDBB1E699A1200C472C3 /* QuizCollectionViewCell.swift */ = {isa = PBXFileReference; fileEncoding = 4; lastKnownFileType = sourcecode.swift; name = QuizCollectionViewCell.swift; path = Views/QuizCollectionViewCell.swift; sourceTree = "<group>"; };
		EE7EEDC31E6D757900C472C3 /* ResultsCollectionViewCell.swift */ = {isa = PBXFileReference; fileEncoding = 4; lastKnownFileType = sourcecode.swift; name = ResultsCollectionViewCell.swift; path = Views/ResultsCollectionViewCell.swift; sourceTree = "<group>"; };
		EEBC23B81E4353A800D59B75 /* MBQuiz.app */ = {isa = PBXFileReference; explicitFileType = wrapper.application; includeInIndex = 0; path = MBQuiz.app; sourceTree = BUILT_PRODUCTS_DIR; };
		EEBC23BB1E4353A800D59B75 /* AppDelegate.swift */ = {isa = PBXFileReference; lastKnownFileType = sourcecode.swift; path = AppDelegate.swift; sourceTree = "<group>"; };
		EEBC23BD1E4353A800D59B75 /* QuizViewController.swift */ = {isa = PBXFileReference; lastKnownFileType = sourcecode.swift; path = QuizViewController.swift; sourceTree = "<group>"; };
		EEBC23C01E4353A800D59B75 /* Base */ = {isa = PBXFileReference; lastKnownFileType = file.storyboard; name = Base; path = Base.lproj/Main.storyboard; sourceTree = "<group>"; };
		EEBC23C31E4353A800D59B75 /* MBQuiz.xcdatamodel */ = {isa = PBXFileReference; lastKnownFileType = wrapper.xcdatamodel; path = MBQuiz.xcdatamodel; sourceTree = "<group>"; };
		EEBC23C81E4353A800D59B75 /* Base */ = {isa = PBXFileReference; lastKnownFileType = file.storyboard; name = Base; path = Base.lproj/LaunchScreen.storyboard; sourceTree = "<group>"; };
		EEBC23CA1E4353A800D59B75 /* Info.plist */ = {isa = PBXFileReference; lastKnownFileType = text.plist.xml; path = Info.plist; sourceTree = "<group>"; };
		EEBC23CF1E4353A800D59B75 /* MBQuizTests.xctest */ = {isa = PBXFileReference; explicitFileType = wrapper.cfbundle; includeInIndex = 0; path = MBQuizTests.xctest; sourceTree = BUILT_PRODUCTS_DIR; };
		EEBC23D31E4353A800D59B75 /* MBQuizTests.swift */ = {isa = PBXFileReference; lastKnownFileType = sourcecode.swift; path = MBQuizTests.swift; sourceTree = "<group>"; };
		EEBC23D51E4353A800D59B75 /* Info.plist */ = {isa = PBXFileReference; lastKnownFileType = text.plist.xml; path = Info.plist; sourceTree = "<group>"; };
		EEBC23DE1E43540C00D59B75 /* Quiz.swift */ = {isa = PBXFileReference; fileEncoding = 4; lastKnownFileType = sourcecode.swift; name = Quiz.swift; path = ../Models/Quiz.swift; sourceTree = "<group>"; };
		EEBC23E21E435A4E00D59B75 /* Question.swift */ = {isa = PBXFileReference; fileEncoding = 4; lastKnownFileType = sourcecode.swift; name = Question.swift; path = Models/Question.swift; sourceTree = SOURCE_ROOT; };
		EEBC23E51E435A6900D59B75 /* Answer.swift */ = {isa = PBXFileReference; fileEncoding = 4; lastKnownFileType = sourcecode.swift; name = Answer.swift; path = Models/Answer.swift; sourceTree = SOURCE_ROOT; };
		EEBC23E81E435C7D00D59B75 /* QuestionType.swift */ = {isa = PBXFileReference; fileEncoding = 4; lastKnownFileType = sourcecode.swift; name = QuestionType.swift; path = Models/QuestionType.swift; sourceTree = SOURCE_ROOT; };
		EEBC23EB1E44C32700D59B75 /* AnswerTableViewCell.swift */ = {isa = PBXFileReference; fileEncoding = 4; lastKnownFileType = sourcecode.swift; path = AnswerTableViewCell.swift; sourceTree = "<group>"; };
		EEBC23EF1E44C81600D59B75 /* QuestionCollectionViewCell.swift */ = {isa = PBXFileReference; fileEncoding = 4; lastKnownFileType = sourcecode.swift; path = QuestionCollectionViewCell.swift; sourceTree = "<group>"; };
		EEBC23F41E48BB1F00D59B75 /* DescriptionCollectionViewCell.swift */ = {isa = PBXFileReference; fileEncoding = 4; lastKnownFileType = sourcecode.swift; name = DescriptionCollectionViewCell.swift; path = Views/DescriptionCollectionViewCell.swift; sourceTree = "<group>"; };
		EFDC7155A1EAB1FA3B342EC6 /* Pods-MBQuiz.debug.xcconfig */ = {isa = PBXFileReference; includeInIndex = 1; lastKnownFileType = text.xcconfig; name = "Pods-MBQuiz.debug.xcconfig"; path = "Pods/Target Support Files/Pods-MBQuiz/Pods-MBQuiz.debug.xcconfig"; sourceTree = "<group>"; };
/* End PBXFileReference section */

/* Begin PBXFrameworksBuildPhase section */
		EEBC23B51E4353A800D59B75 /* Frameworks */ = {
			isa = PBXFrameworksBuildPhase;
			buildActionMask = 2147483647;
			files = (
				4948DE6CA04A956424DF3E88 /* Pods_MBQuiz.framework in Frameworks */,
			);
			runOnlyForDeploymentPostprocessing = 0;
		};
		EEBC23CC1E4353A800D59B75 /* Frameworks */ = {
			isa = PBXFrameworksBuildPhase;
			buildActionMask = 2147483647;
			files = (
				ACE32C4B1040DBC0E2B65A5B /* Pods_MBQuizTests.framework in Frameworks */,
			);
			runOnlyForDeploymentPostprocessing = 0;
		};
/* End PBXFrameworksBuildPhase section */

/* Begin PBXGroup section */
		575EB6361C2314AED77FF898 /* Frameworks */ = {
			isa = PBXGroup;
			children = (
				E8D6864D982EE85D1C9973D2 /* Pods_MBQuiz.framework */,
				8B4F485A5F2A975509C46F8C /* Pods_MBQuizTests.framework */,
			);
			name = Frameworks;
			sourceTree = "<group>";
		};
		B8716C65A68FFCE7F3713261 /* Pods */ = {
			isa = PBXGroup;
			children = (
				EFDC7155A1EAB1FA3B342EC6 /* Pods-MBQuiz.debug.xcconfig */,
				51472B77EE40CA4F650CDC28 /* Pods-MBQuiz.release.xcconfig */,
				BA5161F7278873FB97F3DB4D /* Pods-MBQuizTests.debug.xcconfig */,
				BB7DE5352589D08CBE179ADF /* Pods-MBQuizTests.release.xcconfig */,
			);
			name = Pods;
			sourceTree = "<group>";
		};
		EEBC23AF1E4353A800D59B75 = {
			isa = PBXGroup;
			children = (
				EEBC23BA1E4353A800D59B75 /* MBQuiz */,
				EEBC23D21E4353A800D59B75 /* MBQuizTests */,
				EEBC23B91E4353A800D59B75 /* Products */,
				B8716C65A68FFCE7F3713261 /* Pods */,
				575EB6361C2314AED77FF898 /* Frameworks */,
			);
			sourceTree = "<group>";
		};
		EEBC23B91E4353A800D59B75 /* Products */ = {
			isa = PBXGroup;
			children = (
				EEBC23B81E4353A800D59B75 /* MBQuiz.app */,
				EEBC23CF1E4353A800D59B75 /* MBQuizTests.xctest */,
			);
			name = Products;
			sourceTree = "<group>";
		};
		EEBC23BA1E4353A800D59B75 /* MBQuiz */ = {
			isa = PBXGroup;
			children = (
				EEBC23BB1E4353A800D59B75 /* AppDelegate.swift */,
				EEBC23BF1E4353A800D59B75 /* Main.storyboard */,
				EE7EEDB21E670FB000C472C3 /* DummyQuiz.swift */,
				EEBC23F21E486E3600D59B75 /* ViewControllers */,
				EEBC23F31E486E4200D59B75 /* Views */,
				EEBC23E11E435A1500D59B75 /* Models */,
				EE7EEDB81E68479A00C472C3 /* Assets.xcassets */,
				EEBC23C71E4353A800D59B75 /* LaunchScreen.storyboard */,
				EEBC23CA1E4353A800D59B75 /* Info.plist */,
				EEBC23C21E4353A800D59B75 /* MBQuiz.xcdatamodeld */,
			);
			path = MBQuiz;
			sourceTree = "<group>";
		};
		EEBC23D21E4353A800D59B75 /* MBQuizTests */ = {
			isa = PBXGroup;
			children = (
				EEBC23D31E4353A800D59B75 /* MBQuizTests.swift */,
				EEBC23D51E4353A800D59B75 /* Info.plist */,
			);
			path = MBQuizTests;
			sourceTree = "<group>";
		};
		EEBC23E11E435A1500D59B75 /* Models */ = {
			isa = PBXGroup;
			children = (
				EEBC23DE1E43540C00D59B75 /* Quiz.swift */,
				EEBC23E21E435A4E00D59B75 /* Question.swift */,
				EEBC23E51E435A6900D59B75 /* Answer.swift */,
				EEBC23E81E435C7D00D59B75 /* QuestionType.swift */,
				EE7EEDB51E68367900C472C3 /* QuestionSequelType.swift */,
				EE458D7C1E76DFFE00BEE644 /* QuizParser.swift */,
			);
			name = Models;
			sourceTree = "<group>";
		};
		EEBC23F21E486E3600D59B75 /* ViewControllers */ = {
			isa = PBXGroup;
			children = (
				EEBC23BD1E4353A800D59B75 /* QuizViewController.swift */,
				EE458D791E76C2A800BEE644 /* QuizTestViewController.swift */,
			);
			name = ViewControllers;
			sourceTree = "<group>";
		};
		EEBC23F31E486E4200D59B75 /* Views */ = {
			isa = PBXGroup;
			children = (
				EE7EEDBB1E699A1200C472C3 /* QuizCollectionViewCell.swift */,
				EEBC23EF1E44C81600D59B75 /* QuestionCollectionViewCell.swift */,
				EEBC23F41E48BB1F00D59B75 /* DescriptionCollectionViewCell.swift */,
				EE7EEDC31E6D757900C472C3 /* ResultsCollectionViewCell.swift */,
				EEBC23EB1E44C32700D59B75 /* AnswerTableViewCell.swift */,
			);
			name = Views;
			sourceTree = "<group>";
		};
/* End PBXGroup section */

/* Begin PBXNativeTarget section */
		EEBC23B71E4353A800D59B75 /* MBQuiz */ = {
			isa = PBXNativeTarget;
			buildConfigurationList = EEBC23D81E4353A800D59B75 /* Build configuration list for PBXNativeTarget "MBQuiz" */;
			buildPhases = (
				9539E4D34FA6ACD34083FB6D /* [CP] Check Pods Manifest.lock */,
				EEBC23B41E4353A800D59B75 /* Sources */,
				EEBC23B51E4353A800D59B75 /* Frameworks */,
				EEBC23B61E4353A800D59B75 /* Resources */,
				95BD6C8465B8B22D6D17889D /* [CP] Embed Pods Frameworks */,
				EBA681BEB9F133FBBBBB1F0E /* [CP] Copy Pods Resources */,
			);
			buildRules = (
			);
			dependencies = (
			);
			name = MBQuiz;
			productName = MBQuiz;
			productReference = EEBC23B81E4353A800D59B75 /* MBQuiz.app */;
			productType = "com.apple.product-type.application";
		};
		EEBC23CE1E4353A800D59B75 /* MBQuizTests */ = {
			isa = PBXNativeTarget;
			buildConfigurationList = EEBC23DB1E4353A800D59B75 /* Build configuration list for PBXNativeTarget "MBQuizTests" */;
			buildPhases = (
				C18D69D537EE1B585C93E43E /* [CP] Check Pods Manifest.lock */,
				EEBC23CB1E4353A800D59B75 /* Sources */,
				EEBC23CC1E4353A800D59B75 /* Frameworks */,
				EEBC23CD1E4353A800D59B75 /* Resources */,
				DC9D82885D442954BB69FA8E /* [CP] Embed Pods Frameworks */,
				148F00845649920488EAF8AD /* [CP] Copy Pods Resources */,
			);
			buildRules = (
			);
			dependencies = (
				EEBC23D11E4353A800D59B75 /* PBXTargetDependency */,
			);
			name = MBQuizTests;
			productName = MBQuizTests;
			productReference = EEBC23CF1E4353A800D59B75 /* MBQuizTests.xctest */;
			productType = "com.apple.product-type.bundle.unit-test";
		};
/* End PBXNativeTarget section */

/* Begin PBXProject section */
		EEBC23B01E4353A800D59B75 /* Project object */ = {
			isa = PBXProject;
			attributes = {
				LastSwiftUpdateCheck = 0820;
				LastUpgradeCheck = 0820;
				ORGANIZATIONNAME = "Happy Boar";
				TargetAttributes = {
					EEBC23B71E4353A800D59B75 = {
						CreatedOnToolsVersion = 8.2.1;
						DevelopmentTeam = F4KEZ533E2;
						ProvisioningStyle = Automatic;
					};
					EEBC23CE1E4353A800D59B75 = {
						CreatedOnToolsVersion = 8.2.1;
						DevelopmentTeam = F4KEZ533E2;
						ProvisioningStyle = Automatic;
						TestTargetID = EEBC23B71E4353A800D59B75;
					};
				};
			};
			buildConfigurationList = EEBC23B31E4353A800D59B75 /* Build configuration list for PBXProject "MBQuiz" */;
			compatibilityVersion = "Xcode 3.2";
			developmentRegion = English;
			hasScannedForEncodings = 0;
			knownRegions = (
				en,
				Base,
			);
			mainGroup = EEBC23AF1E4353A800D59B75;
			productRefGroup = EEBC23B91E4353A800D59B75 /* Products */;
			projectDirPath = "";
			projectRoot = "";
			targets = (
				EEBC23B71E4353A800D59B75 /* MBQuiz */,
				EEBC23CE1E4353A800D59B75 /* MBQuizTests */,
			);
		};
/* End PBXProject section */

/* Begin PBXResourcesBuildPhase section */
		EEBC23B61E4353A800D59B75 /* Resources */ = {
			isa = PBXResourcesBuildPhase;
			buildActionMask = 2147483647;
			files = (
				EEBC23C91E4353A800D59B75 /* LaunchScreen.storyboard in Resources */,
				EE7EEDB91E68479A00C472C3 /* Assets.xcassets in Resources */,
				EEBC23C11E4353A800D59B75 /* Main.storyboard in Resources */,
			);
			runOnlyForDeploymentPostprocessing = 0;
		};
		EEBC23CD1E4353A800D59B75 /* Resources */ = {
			isa = PBXResourcesBuildPhase;
			buildActionMask = 2147483647;
			files = (
				EE7EEDBA1E68479A00C472C3 /* Assets.xcassets in Resources */,
			);
			runOnlyForDeploymentPostprocessing = 0;
		};
/* End PBXResourcesBuildPhase section */

/* Begin PBXShellScriptBuildPhase section */
		148F00845649920488EAF8AD /* [CP] Copy Pods Resources */ = {
			isa = PBXShellScriptBuildPhase;
			buildActionMask = 2147483647;
			files = (
			);
			inputPaths = (
			);
			name = "[CP] Copy Pods Resources";
			outputPaths = (
			);
			runOnlyForDeploymentPostprocessing = 0;
			shellPath = /bin/sh;
			shellScript = "\"${SRCROOT}/Pods/Target Support Files/Pods-MBQuizTests/Pods-MBQuizTests-resources.sh\"\n";
			showEnvVarsInLog = 0;
		};
		9539E4D34FA6ACD34083FB6D /* [CP] Check Pods Manifest.lock */ = {
			isa = PBXShellScriptBuildPhase;
			buildActionMask = 2147483647;
			files = (
			);
			inputPaths = (
			);
			name = "[CP] Check Pods Manifest.lock";
			outputPaths = (
			);
			runOnlyForDeploymentPostprocessing = 0;
			shellPath = /bin/sh;
			shellScript = "diff \"${PODS_ROOT}/../Podfile.lock\" \"${PODS_ROOT}/Manifest.lock\" > /dev/null\nif [ $? != 0 ] ; then\n    # print error to STDERR\n    echo \"error: The sandbox is not in sync with the Podfile.lock. Run 'pod install' or update your CocoaPods installation.\" >&2\n    exit 1\nfi\n";
			showEnvVarsInLog = 0;
		};
		95BD6C8465B8B22D6D17889D /* [CP] Embed Pods Frameworks */ = {
			isa = PBXShellScriptBuildPhase;
			buildActionMask = 2147483647;
			files = (
			);
			inputPaths = (
			);
			name = "[CP] Embed Pods Frameworks";
			outputPaths = (
			);
			runOnlyForDeploymentPostprocessing = 0;
			shellPath = /bin/sh;
			shellScript = "\"${SRCROOT}/Pods/Target Support Files/Pods-MBQuiz/Pods-MBQuiz-frameworks.sh\"\n";
			showEnvVarsInLog = 0;
		};
		C18D69D537EE1B585C93E43E /* [CP] Check Pods Manifest.lock */ = {
			isa = PBXShellScriptBuildPhase;
			buildActionMask = 2147483647;
			files = (
			);
			inputPaths = (
			);
			name = "[CP] Check Pods Manifest.lock";
			outputPaths = (
			);
			runOnlyForDeploymentPostprocessing = 0;
			shellPath = /bin/sh;
			shellScript = "diff \"${PODS_ROOT}/../Podfile.lock\" \"${PODS_ROOT}/Manifest.lock\" > /dev/null\nif [ $? != 0 ] ; then\n    # print error to STDERR\n    echo \"error: The sandbox is not in sync with the Podfile.lock. Run 'pod install' or update your CocoaPods installation.\" >&2\n    exit 1\nfi\n";
			showEnvVarsInLog = 0;
		};
		DC9D82885D442954BB69FA8E /* [CP] Embed Pods Frameworks */ = {
			isa = PBXShellScriptBuildPhase;
			buildActionMask = 2147483647;
			files = (
			);
			inputPaths = (
			);
			name = "[CP] Embed Pods Frameworks";
			outputPaths = (
			);
			runOnlyForDeploymentPostprocessing = 0;
			shellPath = /bin/sh;
			shellScript = "\"${SRCROOT}/Pods/Target Support Files/Pods-MBQuizTests/Pods-MBQuizTests-frameworks.sh\"\n";
			showEnvVarsInLog = 0;
		};
		EBA681BEB9F133FBBBBB1F0E /* [CP] Copy Pods Resources */ = {
			isa = PBXShellScriptBuildPhase;
			buildActionMask = 2147483647;
			files = (
			);
			inputPaths = (
			);
			name = "[CP] Copy Pods Resources";
			outputPaths = (
			);
			runOnlyForDeploymentPostprocessing = 0;
			shellPath = /bin/sh;
			shellScript = "\"${SRCROOT}/Pods/Target Support Files/Pods-MBQuiz/Pods-MBQuiz-resources.sh\"\n";
			showEnvVarsInLog = 0;
		};
/* End PBXShellScriptBuildPhase section */

/* Begin PBXSourcesBuildPhase section */
		EEBC23B41E4353A800D59B75 /* Sources */ = {
			isa = PBXSourcesBuildPhase;
			buildActionMask = 2147483647;
			files = (
				EE7EEDB61E68367900C472C3 /* QuestionSequelType.swift in Sources */,
				EE458D7D1E76DFFE00BEE644 /* QuizParser.swift in Sources */,
				EE7EEDBC1E699A1200C472C3 /* QuizCollectionViewCell.swift in Sources */,
				EEBC23E31E435A4E00D59B75 /* Question.swift in Sources */,
				EE7EEDC41E6D757900C472C3 /* ResultsCollectionViewCell.swift in Sources */,
				EEBC23F51E48BB1F00D59B75 /* DescriptionCollectionViewCell.swift in Sources */,
				EEBC23E91E435C7D00D59B75 /* QuestionType.swift in Sources */,
				EE458D7A1E76C2A800BEE644 /* QuizTestViewController.swift in Sources */,
				EEBC23C41E4353A800D59B75 /* MBQuiz.xcdatamodeld in Sources */,
				EEBC23BE1E4353A800D59B75 /* QuizViewController.swift in Sources */,
				EEBC23F01E44C81600D59B75 /* QuestionCollectionViewCell.swift in Sources */,
				EE7EEDB31E670FB000C472C3 /* DummyQuiz.swift in Sources */,
				EEBC23E61E435A6900D59B75 /* Answer.swift in Sources */,
				EEBC23DF1E43540C00D59B75 /* Quiz.swift in Sources */,
				EEBC23BC1E4353A800D59B75 /* AppDelegate.swift in Sources */,
				EEBC23EC1E44C32700D59B75 /* AnswerTableViewCell.swift in Sources */,
			);
			runOnlyForDeploymentPostprocessing = 0;
		};
		EEBC23CB1E4353A800D59B75 /* Sources */ = {
			isa = PBXSourcesBuildPhase;
			buildActionMask = 2147483647;
			files = (
				EEBC23E41E435A4E00D59B75 /* Question.swift in Sources */,
				EE458D7B1E76C2A800BEE644 /* QuizTestViewController.swift in Sources */,
				EEBC23EE1E44C56900D59B75 /* QuizViewController.swift in Sources */,
				EEBC23ED1E44C32700D59B75 /* AnswerTableViewCell.swift in Sources */,
				EE458D7E1E76DFFE00BEE644 /* QuizParser.swift in Sources */,
				EE7EEDC71E70634600C472C3 /* ResultsCollectionViewCell.swift in Sources */,
				EE7EEDBD1E699A1200C472C3 /* QuizCollectionViewCell.swift in Sources */,
				EE7EEDB41E670FB000C472C3 /* DummyQuiz.swift in Sources */,
				EEBC23E01E43540C00D59B75 /* Quiz.swift in Sources */,
				EEBC23F11E44C81600D59B75 /* QuestionCollectionViewCell.swift in Sources */,
				EEBC23D41E4353A800D59B75 /* MBQuizTests.swift in Sources */,
				EE7EEDB71E68367900C472C3 /* QuestionSequelType.swift in Sources */,
				EEBC23E71E435A6900D59B75 /* Answer.swift in Sources */,
				EEBC23F61E48BB1F00D59B75 /* DescriptionCollectionViewCell.swift in Sources */,
				EEBC23EA1E435C7D00D59B75 /* QuestionType.swift in Sources */,
			);
			runOnlyForDeploymentPostprocessing = 0;
		};
/* End PBXSourcesBuildPhase section */

/* Begin PBXTargetDependency section */
		EEBC23D11E4353A800D59B75 /* PBXTargetDependency */ = {
			isa = PBXTargetDependency;
			target = EEBC23B71E4353A800D59B75 /* MBQuiz */;
			targetProxy = EEBC23D01E4353A800D59B75 /* PBXContainerItemProxy */;
		};
/* End PBXTargetDependency section */

/* Begin PBXVariantGroup section */
		EEBC23BF1E4353A800D59B75 /* Main.storyboard */ = {
			isa = PBXVariantGroup;
			children = (
				EEBC23C01E4353A800D59B75 /* Base */,
			);
			name = Main.storyboard;
			sourceTree = "<group>";
		};
		EEBC23C71E4353A800D59B75 /* LaunchScreen.storyboard */ = {
			isa = PBXVariantGroup;
			children = (
				EEBC23C81E4353A800D59B75 /* Base */,
			);
			name = LaunchScreen.storyboard;
			sourceTree = "<group>";
		};
/* End PBXVariantGroup section */

/* Begin XCBuildConfiguration section */
		EEBC23D61E4353A800D59B75 /* Debug */ = {
			isa = XCBuildConfiguration;
			buildSettings = {
				ALWAYS_SEARCH_USER_PATHS = NO;
				CLANG_ANALYZER_NONNULL = YES;
				CLANG_CXX_LANGUAGE_STANDARD = "gnu++0x";
				CLANG_CXX_LIBRARY = "libc++";
				CLANG_ENABLE_MODULES = YES;
				CLANG_ENABLE_OBJC_ARC = YES;
				CLANG_WARN_BOOL_CONVERSION = YES;
				CLANG_WARN_CONSTANT_CONVERSION = YES;
				CLANG_WARN_DIRECT_OBJC_ISA_USAGE = YES_ERROR;
				CLANG_WARN_DOCUMENTATION_COMMENTS = YES;
				CLANG_WARN_EMPTY_BODY = YES;
				CLANG_WARN_ENUM_CONVERSION = YES;
				CLANG_WARN_INFINITE_RECURSION = YES;
				CLANG_WARN_INT_CONVERSION = YES;
				CLANG_WARN_OBJC_ROOT_CLASS = YES_ERROR;
				CLANG_WARN_SUSPICIOUS_MOVE = YES;
				CLANG_WARN_UNREACHABLE_CODE = YES;
				CLANG_WARN__DUPLICATE_METHOD_MATCH = YES;
				"CODE_SIGN_IDENTITY[sdk=iphoneos*]" = "iPhone Developer";
				COPY_PHASE_STRIP = NO;
				DEBUG_INFORMATION_FORMAT = dwarf;
				ENABLE_STRICT_OBJC_MSGSEND = YES;
				ENABLE_TESTABILITY = YES;
				GCC_C_LANGUAGE_STANDARD = gnu99;
				GCC_DYNAMIC_NO_PIC = NO;
				GCC_NO_COMMON_BLOCKS = YES;
				GCC_OPTIMIZATION_LEVEL = 0;
				GCC_PREPROCESSOR_DEFINITIONS = (
					"DEBUG=1",
					"$(inherited)",
				);
				GCC_WARN_64_TO_32_BIT_CONVERSION = YES;
				GCC_WARN_ABOUT_RETURN_TYPE = YES_ERROR;
				GCC_WARN_UNDECLARED_SELECTOR = YES;
				GCC_WARN_UNINITIALIZED_AUTOS = YES_AGGRESSIVE;
				GCC_WARN_UNUSED_FUNCTION = YES;
				GCC_WARN_UNUSED_VARIABLE = YES;
				IPHONEOS_DEPLOYMENT_TARGET = 10.2;
				MTL_ENABLE_DEBUG_INFO = YES;
				ONLY_ACTIVE_ARCH = YES;
				SDKROOT = iphoneos;
				SWIFT_ACTIVE_COMPILATION_CONDITIONS = DEBUG;
				SWIFT_OPTIMIZATION_LEVEL = "-Onone";
			};
			name = Debug;
		};
		EEBC23D71E4353A800D59B75 /* Release */ = {
			isa = XCBuildConfiguration;
			buildSettings = {
				ALWAYS_SEARCH_USER_PATHS = NO;
				CLANG_ANALYZER_NONNULL = YES;
				CLANG_CXX_LANGUAGE_STANDARD = "gnu++0x";
				CLANG_CXX_LIBRARY = "libc++";
				CLANG_ENABLE_MODULES = YES;
				CLANG_ENABLE_OBJC_ARC = YES;
				CLANG_WARN_BOOL_CONVERSION = YES;
				CLANG_WARN_CONSTANT_CONVERSION = YES;
				CLANG_WARN_DIRECT_OBJC_ISA_USAGE = YES_ERROR;
				CLANG_WARN_DOCUMENTATION_COMMENTS = YES;
				CLANG_WARN_EMPTY_BODY = YES;
				CLANG_WARN_ENUM_CONVERSION = YES;
				CLANG_WARN_INFINITE_RECURSION = YES;
				CLANG_WARN_INT_CONVERSION = YES;
				CLANG_WARN_OBJC_ROOT_CLASS = YES_ERROR;
				CLANG_WARN_SUSPICIOUS_MOVE = YES;
				CLANG_WARN_UNREACHABLE_CODE = YES;
				CLANG_WARN__DUPLICATE_METHOD_MATCH = YES;
				"CODE_SIGN_IDENTITY[sdk=iphoneos*]" = "iPhone Developer";
				COPY_PHASE_STRIP = NO;
				DEBUG_INFORMATION_FORMAT = "dwarf-with-dsym";
				ENABLE_NS_ASSERTIONS = NO;
				ENABLE_STRICT_OBJC_MSGSEND = YES;
				GCC_C_LANGUAGE_STANDARD = gnu99;
				GCC_NO_COMMON_BLOCKS = YES;
				GCC_WARN_64_TO_32_BIT_CONVERSION = YES;
				GCC_WARN_ABOUT_RETURN_TYPE = YES_ERROR;
				GCC_WARN_UNDECLARED_SELECTOR = YES;
				GCC_WARN_UNINITIALIZED_AUTOS = YES_AGGRESSIVE;
				GCC_WARN_UNUSED_FUNCTION = YES;
				GCC_WARN_UNUSED_VARIABLE = YES;
				IPHONEOS_DEPLOYMENT_TARGET = 10.2;
				MTL_ENABLE_DEBUG_INFO = NO;
				SDKROOT = iphoneos;
				SWIFT_OPTIMIZATION_LEVEL = "-Owholemodule";
				VALIDATE_PRODUCT = YES;
			};
			name = Release;
		};
		EEBC23D91E4353A800D59B75 /* Debug */ = {
			isa = XCBuildConfiguration;
			baseConfigurationReference = EFDC7155A1EAB1FA3B342EC6 /* Pods-MBQuiz.debug.xcconfig */;
			buildSettings = {
				ASSETCATALOG_COMPILER_APPICON_NAME = AppIcon;
				DEVELOPMENT_TEAM = F4KEZ533E2;
				INFOPLIST_FILE = MBQuiz/Info.plist;
				LD_RUNPATH_SEARCH_PATHS = "$(inherited) @executable_path/Frameworks";
				PRODUCT_BUNDLE_IDENTIFIER = com.happyboar.MBQuiz;
				PRODUCT_NAME = "$(TARGET_NAME)";
				SWIFT_VERSION = 3.0;
			};
			name = Debug;
		};
		EEBC23DA1E4353A800D59B75 /* Release */ = {
			isa = XCBuildConfiguration;
			baseConfigurationReference = 51472B77EE40CA4F650CDC28 /* Pods-MBQuiz.release.xcconfig */;
			buildSettings = {
				ASSETCATALOG_COMPILER_APPICON_NAME = AppIcon;
				DEVELOPMENT_TEAM = F4KEZ533E2;
				INFOPLIST_FILE = MBQuiz/Info.plist;
				LD_RUNPATH_SEARCH_PATHS = "$(inherited) @executable_path/Frameworks";
				PRODUCT_BUNDLE_IDENTIFIER = com.happyboar.MBQuiz;
				PRODUCT_NAME = "$(TARGET_NAME)";
				SWIFT_VERSION = 3.0;
			};
			name = Release;
		};
		EEBC23DC1E4353A800D59B75 /* Debug */ = {
			isa = XCBuildConfiguration;
			baseConfigurationReference = BA5161F7278873FB97F3DB4D /* Pods-MBQuizTests.debug.xcconfig */;
			buildSettings = {
				ALWAYS_EMBED_SWIFT_STANDARD_LIBRARIES = YES;
				BUNDLE_LOADER = "$(TEST_HOST)";
				DEVELOPMENT_TEAM = F4KEZ533E2;
				INFOPLIST_FILE = MBQuizTests/Info.plist;
				LD_RUNPATH_SEARCH_PATHS = "$(inherited) @executable_path/Frameworks @loader_path/Frameworks";
				PRODUCT_BUNDLE_IDENTIFIER = com.happyboar.MBQuizTests;
				PRODUCT_NAME = "$(TARGET_NAME)";
				SWIFT_VERSION = 3.0;
				TEST_HOST = "$(BUILT_PRODUCTS_DIR)/MBQuiz.app/MBQuiz";
			};
			name = Debug;
		};
		EEBC23DD1E4353A800D59B75 /* Release */ = {
			isa = XCBuildConfiguration;
			baseConfigurationReference = BB7DE5352589D08CBE179ADF /* Pods-MBQuizTests.release.xcconfig */;
			buildSettings = {
				ALWAYS_EMBED_SWIFT_STANDARD_LIBRARIES = YES;
				BUNDLE_LOADER = "$(TEST_HOST)";
				DEVELOPMENT_TEAM = F4KEZ533E2;
				INFOPLIST_FILE = MBQuizTests/Info.plist;
				LD_RUNPATH_SEARCH_PATHS = "$(inherited) @executable_path/Frameworks @loader_path/Frameworks";
				PRODUCT_BUNDLE_IDENTIFIER = com.happyboar.MBQuizTests;
				PRODUCT_NAME = "$(TARGET_NAME)";
				SWIFT_VERSION = 3.0;
				TEST_HOST = "$(BUILT_PRODUCTS_DIR)/MBQuiz.app/MBQuiz";
			};
			name = Release;
		};
/* End XCBuildConfiguration section */

/* Begin XCConfigurationList section */
		EEBC23B31E4353A800D59B75 /* Build configuration list for PBXProject "MBQuiz" */ = {
			isa = XCConfigurationList;
			buildConfigurations = (
				EEBC23D61E4353A800D59B75 /* Debug */,
				EEBC23D71E4353A800D59B75 /* Release */,
			);
			defaultConfigurationIsVisible = 0;
			defaultConfigurationName = Release;
		};
		EEBC23D81E4353A800D59B75 /* Build configuration list for PBXNativeTarget "MBQuiz" */ = {
			isa = XCConfigurationList;
			buildConfigurations = (
				EEBC23D91E4353A800D59B75 /* Debug */,
				EEBC23DA1E4353A800D59B75 /* Release */,
			);
			defaultConfigurationIsVisible = 0;
			defaultConfigurationName = Release;
		};
		EEBC23DB1E4353A800D59B75 /* Build configuration list for PBXNativeTarget "MBQuizTests" */ = {
			isa = XCConfigurationList;
			buildConfigurations = (
				EEBC23DC1E4353A800D59B75 /* Debug */,
				EEBC23DD1E4353A800D59B75 /* Release */,
			);
			defaultConfigurationIsVisible = 0;
			defaultConfigurationName = Release;
		};
/* End XCConfigurationList section */

/* Begin XCVersionGroup section */
		EEBC23C21E4353A800D59B75 /* MBQuiz.xcdatamodeld */ = {
			isa = XCVersionGroup;
			children = (
				EEBC23C31E4353A800D59B75 /* MBQuiz.xcdatamodel */,
			);
			currentVersion = EEBC23C31E4353A800D59B75 /* MBQuiz.xcdatamodel */;
			path = MBQuiz.xcdatamodeld;
			sourceTree = "<group>";
			versionGroupType = wrapper.xcdatamodel;
		};
/* End XCVersionGroup section */
	};
	rootObject = EEBC23B01E4353A800D59B75 /* Project object */;
}
